// !$*UTF8*$!
{
	archiveVersion = 1;
	classes = {
	};
	objectVersion = 46;
	objects = {

/* Begin PBXBuildFile section */
		DCB22FD51CF6F84C0025E4F2 /* main.m in Sources */ = {isa = PBXBuildFile; fileRef = DCB22FD41CF6F84C0025E4F2 /* main.m */; };
		DCB22FD81CF6F84C0025E4F2 /* AppDelegate.m in Sources */ = {isa = PBXBuildFile; fileRef = DCB22FD71CF6F84C0025E4F2 /* AppDelegate.m */; };
		DCB22FDB1CF6F84C0025E4F2 /* ViewController.m in Sources */ = {isa = PBXBuildFile; fileRef = DCB22FDA1CF6F84C0025E4F2 /* ViewController.m */; };
		DCB22FDE1CF6F84C0025E4F2 /* Main.storyboard in Resources */ = {isa = PBXBuildFile; fileRef = DCB22FDC1CF6F84C0025E4F2 /* Main.storyboard */; };
		DCB22FE01CF6F84C0025E4F2 /* Assets.xcassets in Resources */ = {isa = PBXBuildFile; fileRef = DCB22FDF1CF6F84C0025E4F2 /* Assets.xcassets */; };
		DCB22FE31CF6F84C0025E4F2 /* LaunchScreen.storyboard in Resources */ = {isa = PBXBuildFile; fileRef = DCB22FE11CF6F84C0025E4F2 /* LaunchScreen.storyboard */; };
/* End PBXBuildFile section */

/* Begin PBXFileReference section */
		DCB22FD01CF6F84C0025E4F2 /* Radar.app */ = {isa = PBXFileReference; explicitFileType = wrapper.application; includeInIndex = 0; path = Radar.app; sourceTree = BUILT_PRODUCTS_DIR; };
		DCB22FD41CF6F84C0025E4F2 /* main.m */ = {isa = PBXFileReference; lastKnownFileType = sourcecode.c.objc; path = main.m; sourceTree = "<group>"; };
		DCB22FD61CF6F84C0025E4F2 /* AppDelegate.h */ = {isa = PBXFileReference; lastKnownFileType = sourcecode.c.h; path = AppDelegate.h; sourceTree = "<group>"; };
		DCB22FD71CF6F84C0025E4F2 /* AppDelegate.m */ = {isa = PBXFileReference; lastKnownFileType = sourcecode.c.objc; path = AppDelegate.m; sourceTree = "<group>"; };
		DCB22FD91CF6F84C0025E4F2 /* ViewController.h */ = {isa = PBXFileReference; lastKnownFileType = sourcecode.c.h; path = ViewController.h; sourceTree = "<group>"; };
		DCB22FDA1CF6F84C0025E4F2 /* ViewController.m */ = {isa = PBXFileReference; lastKnownFileType = sourcecode.c.objc; path = ViewController.m; sourceTree = "<group>"; };
		DCB22FDD1CF6F84C0025E4F2 /* Base */ = {isa = PBXFileReference; lastKnownFileType = file.storyboard; name = Base; path = Base.lproj/Main.storyboard; sourceTree = "<group>"; };
		DCB22FDF1CF6F84C0025E4F2 /* Assets.xcassets */ = {isa = PBXFileReference; lastKnownFileType = folder.assetcatalog; path = Assets.xcassets; sourceTree = "<group>"; };
		DCB22FE21CF6F84C0025E4F2 /* Base */ = {isa = PBXFileReference; lastKnownFileType = file.storyboard; name = Base; path = Base.lproj/LaunchScreen.storyboard; sourceTree = "<group>"; };
		DCB22FE41CF6F84C0025E4F2 /* Info.plist */ = {isa = PBXFileReference; lastKnownFileType = text.plist.xml; path = Info.plist; sourceTree = "<group>"; };
/* End PBXFileReference section */

/* Begin PBXFrameworksBuildPhase section */
		DCB22FCD1CF6F84C0025E4F2 /* Frameworks */ = {
			isa = PBXFrameworksBuildPhase;
			buildActionMask = 2147483647;
			files = (
			);
			runOnlyForDeploymentPostprocessing = 0;
		};
/* End PBXFrameworksBuildPhase section */

/* Begin PBXGroup section */
		DCB22FC71CF6F84C0025E4F2 = {
			isa = PBXGroup;
			children = (
				DCB22FD21CF6F84C0025E4F2 /* Radar */,
				DCB22FD11CF6F84C0025E4F2 /* Products */,
			);
			sourceTree = "<group>";
		};
		DCB22FD11CF6F84C0025E4F2 /* Products */ = {
			isa = PBXGroup;
			children = (
				DCB22FD01CF6F84C0025E4F2 /* Radar.app */,
			);
			name = Products;
			sourceTree = "<group>";
		};
		DCB22FD21CF6F84C0025E4F2 /* Radar */ = {
			isa = PBXGroup;
			children = (
				DCB22FD61CF6F84C0025E4F2 /* AppDelegate.h */,
				DCB22FD71CF6F84C0025E4F2 /* AppDelegate.m */,
				DCB22FD91CF6F84C0025E4F2 /* ViewController.h */,
				DCB22FDA1CF6F84C0025E4F2 /* ViewController.m */,
				DCB22FDC1CF6F84C0025E4F2 /* Main.storyboard */,
				DCB22FDF1CF6F84C0025E4F2 /* Assets.xcassets */,
				DCB22FE11CF6F84C0025E4F2 /* LaunchScreen.storyboard */,
				DCB22FE41CF6F84C0025E4F2 /* Info.plist */,
				DCB22FD31CF6F84C0025E4F2 /* Supporting Files */,
			);
			path = Radar;
			sourceTree = "<group>";
		};
		DCB22FD31CF6F84C0025E4F2 /* Supporting Files */ = {
			isa = PBXGroup;
			children = (
				DCB22FD41CF6F84C0025E4F2 /* main.m */,
			);
			name = "Supporting Files";
			sourceTree = "<group>";
		};
/* End PBXGroup section */

/* Begin PBXNativeTarget section */
		DCB22FCF1CF6F84C0025E4F2 /* Radar */ = {
			isa = PBXNativeTarget;
			buildConfigurationList = DCB22FE71CF6F84C0025E4F2 /* Build configuration list for PBXNativeTarget "Radar" */;
			buildPhases = (
				DCB22FCC1CF6F84C0025E4F2 /* Sources */,
				DCB22FCD1CF6F84C0025E4F2 /* Frameworks */,
				DCB22FCE1CF6F84C0025E4F2 /* Resources */,
			);
			buildRules = (
			);
			dependencies = (
			);
			name = Radar;
			productName = Radar;
			productReference = DCB22FD01CF6F84C0025E4F2 /* Radar.app */;
			productType = "com.apple.product-type.application";
		};
/* End PBXNativeTarget section */

/* Begin PBXProject section */
		DCB22FC81CF6F84C0025E4F2 /* Project object */ = {
			isa = PBXProject;
			attributes = {
				LastUpgradeCheck = 0730;
				ORGANIZATIONNAME = "Vicente de Miguel";
				TargetAttributes = {
					DCB22FCF1CF6F84C0025E4F2 = {
						CreatedOnToolsVersion = 7.3.1;
					};
				};
			};
			buildConfigurationList = DCB22FCB1CF6F84C0025E4F2 /* Build configuration list for PBXProject "Radar" */;
			compatibilityVersion = "Xcode 3.2";
			developmentRegion = English;
			hasScannedForEncodings = 0;
			knownRegions = (
				en,
				Base,
			);
			mainGroup = DCB22FC71CF6F84C0025E4F2;
			productRefGroup = DCB22FD11CF6F84C0025E4F2 /* Products */;
			projectDirPath = "";
			projectRoot = "";
			targets = (
				DCB22FCF1CF6F84C0025E4F2 /* Radar */,
			);
		};
/* End PBXProject section */

/* Begin PBXResourcesBuildPhase section */
		DCB22FCE1CF6F84C0025E4F2 /* Resources */ = {
			isa = PBXResourcesBuildPhase;
			buildActionMask = 2147483647;
			files = (
				DCB22FE31CF6F84C0025E4F2 /* LaunchScreen.storyboard in Resources */,
				DCB22FE01CF6F84C0025E4F2 /* Assets.xcassets in Resources */,
				DCB22FDE1CF6F84C0025E4F2 /* Main.storyboard in Resources */,
			);
			runOnlyForDeploymentPostprocessing = 0;
		};
/* End PBXResourcesBuildPhase section */

/* Begin PBXSourcesBuildPhase section */
		DCB22FCC1CF6F84C0025E4F2 /* Sources */ = {
			isa = PBXSourcesBuildPhase;
			buildActionMask = 2147483647;
			files = (
				DCB22FDB1CF6F84C0025E4F2 /* ViewController.m in Sources */,
				DCB22FD81CF6F84C0025E4F2 /* AppDelegate.m in Sources */,
				DCB22FD51CF6F84C0025E4F2 /* main.m in Sources */,
			);
			runOnlyForDeploymentPostprocessing = 0;
		};
/* End PBXSourcesBuildPhase section */

/* Begin PBXVariantGroup section */
		DCB22FDC1CF6F84C0025E4F2 /* Main.storyboard */ = {
			isa = PBXVariantGroup;
			children = (
				DCB22FDD1CF6F84C0025E4F2 /* Base */,
			);
			name = Main.storyboard;
			sourceTree = "<group>";
		};
		DCB22FE11CF6F84C0025E4F2 /* LaunchScreen.storyboard */ = {
			isa = PBXVariantGroup;
			children = (
				DCB22FE21CF6F84C0025E4F2 /* Base */,
			);
			name = LaunchScreen.storyboard;
			sourceTree = "<group>";
		};
/* End PBXVariantGroup section */

/* Begin XCBuildConfiguration section */
		DCB22FE51CF6F84C0025E4F2 /* Debug */ = {
			isa = XCBuildConfiguration;
			buildSettings = {
				ALWAYS_SEARCH_USER_PATHS = NO;
				CLANG_ANALYZER_NONNULL = YES;
				CLANG_CXX_LANGUAGE_STANDARD = "gnu++0x";
				CLANG_CXX_LIBRARY = "libc++";
				CLANG_ENABLE_MODULES = YES;
				CLANG_ENABLE_OBJC_ARC = YES;
				CLANG_WARN_BOOL_CONVERSION = YES;
				CLANG_WARN_CONSTANT_CONVERSION = YES;
				CLANG_WARN_DIRECT_OBJC_ISA_USAGE = YES_ERROR;
				CLANG_WARN_EMPTY_BODY = YES;
				CLANG_WARN_ENUM_CONVERSION = YES;
				CLANG_WARN_INT_CONVERSION = YES;
				CLANG_WARN_OBJC_ROOT_CLASS = YES_ERROR;
				CLANG_WARN_UNREACHABLE_CODE = YES;
				CLANG_WARN__DUPLICATE_METHOD_MATCH = YES;
				"CODE_SIGN_IDENTITY[sdk=iphoneos*]" = "iPhone Developer";
				COPY_PHASE_STRIP = NO;
				DEBUG_INFORMATION_FORMAT = dwarf;
				ENABLE_STRICT_OBJC_MSGSEND = YES;
				ENABLE_TESTABILITY = YES;
				GCC_C_LANGUAGE_STANDARD = gnu99;
				GCC_DYNAMIC_NO_PIC = NO;
				GCC_NO_COMMON_BLOCKS = YES;
				GCC_OPTIMIZATION_LEVEL = 0;
				GCC_PREPROCESSOR_DEFINITIONS = (
					"DEBUG=1",
					"$(inherited)",
				);
				GCC_WARN_64_TO_32_BIT_CONVERSION = YES;
				GCC_WARN_ABOUT_RETURN_TYPE = YES_ERROR;
				GCC_WARN_UNDECLARED_SELECTOR = YES;
				GCC_WARN_UNINITIALIZED_AUTOS = YES_AGGRESSIVE;
				GCC_WARN_UNUSED_FUNCTION = YES;
				GCC_WARN_UNUSED_VARIABLE = YES;
				IPHONEOS_DEPLOYMENT_TARGET = 9.3;
				MTL_ENABLE_DEBUG_INFO = YES;
				ONLY_ACTIVE_ARCH = YES;
				SDKROOT = iphoneos;
				TARGETED_DEVICE_FAMILY = "1,2";
			};
			name = Debug;
		};
		DCB22FE61CF6F84C0025E4F2 /* Release */ = {
			isa = XCBuildConfiguration;
			buildSettings = {
				ALWAYS_SEARCH_USER_PATHS = NO;
				CLANG_ANALYZER_NONNULL = YES;
				CLANG_CXX_LANGUAGE_STANDARD = "gnu++0x";
				CLANG_CXX_LIBRARY = "libc++";
				CLANG_ENABLE_MODULES = YES;
				CLANG_ENABLE_OBJC_ARC = YES;
				CLANG_WARN_BOOL_CONVERSION = YES;
				CLANG_WARN_CONSTANT_CONVERSION = YES;
				CLANG_WARN_DIRECT_OBJC_ISA_USAGE = YES_ERROR;
				CLANG_WARN_EMPTY_BODY = YES;
				CLANG_WARN_ENUM_CONVERSION = YES;
				CLANG_WARN_INT_CONVERSION = YES;
				CLANG_WARN_OBJC_ROOT_CLASS = YES_ERROR;
				CLANG_WARN_UNREACHABLE_CODE = YES;
				CLANG_WARN__DUPLICATE_METHOD_MATCH = YES;
				"CODE_SIGN_IDENTITY[sdk=iphoneos*]" = "iPhone Developer";
				COPY_PHASE_STRIP = NO;
				DEBUG_INFORMATION_FORMAT = "dwarf-with-dsym";
				ENABLE_NS_ASSERTIONS = NO;
				ENABLE_STRICT_OBJC_MSGSEND = YES;
				GCC_C_LANGUAGE_STANDARD = gnu99;
				GCC_NO_COMMON_BLOCKS = YES;
				GCC_WARN_64_TO_32_BIT_CONVERSION = YES;
				GCC_WARN_ABOUT_RETURN_TYPE = YES_ERROR;
				GCC_WARN_UNDECLARED_SELECTOR = YES;
				GCC_WARN_UNINITIALIZED_AUTOS = YES_AGGRESSIVE;
				GCC_WARN_UNUSED_FUNCTION = YES;
				GCC_WARN_UNUSED_VARIABLE = YES;
				IPHONEOS_DEPLOYMENT_TARGET = 9.3;
				MTL_ENABLE_DEBUG_INFO = NO;
				SDKROOT = iphoneos;
				TARGETED_DEVICE_FAMILY = "1,2";
				VALIDATE_PRODUCT = YES;
			};
			name = Release;
		};
		DCB22FE81CF6F84C0025E4F2 /* Debug */ = {
			isa = XCBuildConfiguration;
			buildSettings = {
				ASSETCATALOG_COMPILER_APPICON_NAME = AppIcon;
				INFOPLIST_FILE = Radar/Info.plist;
				LD_RUNPATH_SEARCH_PATHS = "$(inherited) @executable_path/Frameworks";
				PRODUCT_BUNDLE_IDENTIFIER = com.aaaa.Radar;
				PRODUCT_NAME = "$(TARGET_NAME)";
			};
			name = Debug;
		};
		DCB22FE91CF6F84C0025E4F2 /* Release */ = {
			isa = XCBuildConfiguration;
			buildSettings = {
				ASSETCATALOG_COMPILER_APPICON_NAME = AppIcon;
				INFOPLIST_FILE = Radar/Info.plist;
				LD_RUNPATH_SEARCH_PATHS = "$(inherited) @executable_path/Frameworks";
				PRODUCT_BUNDLE_IDENTIFIER = com.aaaa.Radar;
				PRODUCT_NAME = "$(TARGET_NAME)";
			};
			name = Release;
		};
/* End XCBuildConfiguration section */

/* Begin XCConfigurationList section */
		DCB22FCB1CF6F84C0025E4F2 /* Build configuration list for PBXProject "Radar" */ = {
			isa = XCConfigurationList;
			buildConfigurations = (
				DCB22FE51CF6F84C0025E4F2 /* Debug */,
				DCB22FE61CF6F84C0025E4F2 /* Release */,
			);
			defaultConfigurationIsVisible = 0;
			defaultConfigurationName = Release;
		};
		DCB22FE71CF6F84C0025E4F2 /* Build configuration list for PBXNativeTarget "Radar" */ = {
			isa = XCConfigurationList;
			buildConfigurations = (
				DCB22FE81CF6F84C0025E4F2 /* Debug */,
				DCB22FE91CF6F84C0025E4F2 /* Release */,
			);
			defaultConfigurationIsVisible = 0;
		};
/* End XCConfigurationList section */
	};
	rootObject = DCB22FC81CF6F84C0025E4F2 /* Project object */;
}
